
Microsoft Visual Studio Solution File, Format Version 12.00
# Visual Studio Version 16
VisualStudioVersion = 16.0.30523.141
MinimumVisualStudioVersion = 10.0.40219.1
Project("{9A19103F-16F7-4668-BE54-9A1E7A4F7556}") = "src", "src\src.csproj", "{74A9B263-5570-4095-97B5-75F6631384F9}"
EndProject
Project("{9A19103F-16F7-4668-BE54-9A1E7A4F7556}") = "tests", "tests\tests.csproj", "{FBE1874B-6BB2-4647-B8F6-65BE84F6F4C3}"
EndProject
Global
	GlobalSection(SolutionConfigurationPlatforms) = preSolution
		Debug|Any CPU = Debug|Any CPU
		Release|Any CPU = Release|Any CPU
	EndGlobalSection
	GlobalSection(ProjectConfigurationPlatforms) = postSolution
		{74A9B263-5570-4095-97B5-75F6631384F9}.Debug|Any CPU.ActiveCfg = Release|Any CPU
		{74A9B263-5570-4095-97B5-75F6631384F9}.Debug|Any CPU.Build.0 = Release|Any CPU
		{74A9B263-5570-4095-97B5-75F6631384F9}.Release|Any CPU.ActiveCfg = Release|Any CPU
		{74A9B263-5570-4095-97B5-75F6631384F9}.Release|Any CPU.Build.0 = Release|Any CPU
		{FBE1874B-6BB2-4647-B8F6-65BE84F6F4C3}.Debug|Any CPU.ActiveCfg = Debug|Any CPU
		{FBE1874B-6BB2-4647-B8F6-65BE84F6F4C3}.Debug|Any CPU.Build.0 = Debug|Any CPU
		{FBE1874B-6BB2-4647-B8F6-65BE84F6F4C3}.Release|Any CPU.ActiveCfg = Release|Any CPU
		{FBE1874B-6BB2-4647-B8F6-65BE84F6F4C3}.Release|Any CPU.Build.0 = Release|Any CPU
	EndGlobalSection
	GlobalSection(SolutionProperties) = preSolution
		HideSolutionNode = FALSE
	EndGlobalSection
	GlobalSection(ExtensibilityGlobals) = postSolution
		SolutionGuid = {A080CE8C-5E8D-4DD7-9C78-89A773649E0F}
	EndGlobalSection
EndGlobal
